
Microsoft Visual Studio Solution File, Format Version 12.00
# Visual Studio Version 16
VisualStudioVersion = 16.0.809.8
MinimumVisualStudioVersion = 10.0.40219.1
Project("{FAE04EC0-301F-11D3-BF4B-00C04F79EFBC}") = "BinanceAlarm", "BinanceAlarm.csproj", "{58F50FAF-3BE6-45BE-9DCE-0C0895E6798F}"
EndProject
Global
	GlobalSection(SolutionConfigurationPlatforms) = preSolution
		Debug|Any CPU = Debug|Any CPU
		Release|Any CPU = Release|Any CPU
	EndGlobalSection
	GlobalSection(ProjectConfigurationPlatforms) = postSolution
		{58F50FAF-3BE6-45BE-9DCE-0C0895E6798F}.Debug|Any CPU.ActiveCfg = Debug|Any CPU
		{58F50FAF-3BE6-45BE-9DCE-0C0895E6798F}.Debug|Any CPU.Build.0 = Debug|Any CPU
		{58F50FAF-3BE6-45BE-9DCE-0C0895E6798F}.Release|Any CPU.ActiveCfg = Release|Any CPU
		{58F50FAF-3BE6-45BE-9DCE-0C0895E6798F}.Release|Any CPU.Build.0 = Release|Any CPU
	EndGlobalSection
	GlobalSection(SolutionProperties) = preSolution
		HideSolutionNode = FALSE
	EndGlobalSection
	GlobalSection(ExtensibilityGlobals) = postSolution
		SolutionGuid = {3F50008B-91CD-4EDF-A6DD-7B1122E4CFA9}
	EndGlobalSection
EndGlobal
